{
	"name": "chat-app",
	"lockfileVersion": 3,
	"requires": true,
	"packages": {
		"": {
			"dependencies": {
				"@climblee/uv-ui": "^1.1.20",
				"@hyoga/uni-socket.io": "^3.0.4"
			},
			"devDependencies": {
				"prettier": "^3.4.2",
				"vconsole": "^3.15.1"
			}
		},
		"node_modules/@babel/runtime": {
			"version": "7.26.0",
			"resolved": "https://npm.mucang.cn/repository/npm-group/@babel/runtime/-/runtime-7.26.0.tgz",
			"integrity": "sha512-FDSOghenHTiToteC/QRlv2q3DhPZ/oOXTBoirfWNx1Cx3TMVcGWQtMMmQcSvb/JjpNeGzx8Pq/b4fKEJuWm1sw==",
			"dev": true,
			"license": "MIT",
			"dependencies": {
				"regenerator-runtime": "^0.14.0"
			},
			"engines": {
				"node": ">=6.9.0"
			}
		},
		"node_modules/@climblee/uv-ui": {
			"version": "1.1.20",
			"resolved": "https://registry.npmmirror.com/@climblee/uv-ui/-/uv-ui-1.1.20.tgz",
			"integrity": "sha512-jkyesHJsPJkF4Nap9ZmG1/ibKlxXA5M8+ntqKXwwloIsYSYL5SOKb0gyPj17aBOU1PkJpmeiZ8PwnTolhK2/HA=="
		},
		"node_modules/@hyoga/uni-socket.io": {
			"version": "3.0.4",
			"resolved": "https://registry.npmmirror.com/@hyoga/uni-socket.io/-/uni-socket.io-3.0.4.tgz",
			"integrity": "sha512-m04M/ALXpTWcKoJGPDMzJosmzuopyAXF51DFN/qxLyXnbCFeQwsWOXT/XNLl4aWoBVGwQ7IptECFFRCA6z5C8A=="
		},
		"node_modules/copy-text-to-clipboard": {
			"version": "3.2.0",
			"resolved": "https://npm.mucang.cn/repository/npm-group/copy-text-to-clipboard/-/copy-text-to-clipboard-3.2.0.tgz",
			"integrity": "sha512-RnJFp1XR/LOBDckxTib5Qjr/PMfkatD0MUCQgdpqS8MdKiNUzBjAQBEN6oUy+jW7LI93BBG3DtMB2KOOKpGs2Q==",
			"dev": true,
			"license": "MIT",
			"engines": {
				"node": ">=12"
			},
			"funding": {
				"url": "https://github.com/sponsors/sindresorhus"
			}
		},
		"node_modules/core-js": {
			"version": "3.40.0",
			"resolved": "https://npm.mucang.cn/repository/npm-group/core-js/-/core-js-3.40.0.tgz",
			"integrity": "sha512-7vsMc/Lty6AGnn7uFpYT56QesI5D2Y/UkgKounk87OP9Z2H9Z8kj6jzcSGAxFmUtDOS0ntK6lbQz+Nsa0Jj6mQ==",
			"dev": true,
			"hasInstallScript": true,
			"license": "MIT",
			"funding": {
				"type": "opencollective",
				"url": "https://opencollective.com/core-js"
			}
		},
		"node_modules/mutation-observer": {
			"version": "1.0.3",
			"resolved": "https://npm.mucang.cn/repository/npm-group/mutation-observer/-/mutation-observer-1.0.3.tgz",
			"integrity": "sha512-M/O/4rF2h776hV7qGMZUH3utZLO/jK7p8rnNgGkjKUw8zCGjRQPxB8z6+5l8+VjRUQ3dNYu4vjqXYLr+U8ZVNA==",
			"dev": true
		},
		"node_modules/prettier": {
			"version": "3.4.2",
			"resolved": "https://registry.npmmirror.com/prettier/-/prettier-3.4.2.tgz",
			"integrity": "sha512-e9MewbtFo+Fevyuxn/4rrcDAaq0IYxPGLvObpQjiZBMAzB9IGmzlnG9RZy3FFas+eBMu2vA0CszMeduow5dIuQ==",
			"dev": true,
			"bin": {
				"prettier": "bin/prettier.cjs"
			},
			"engines": {
				"node": ">=14"
			},
			"funding": {
				"url": "https://github.com/prettier/prettier?sponsor=1"
			}
		},
		"node_modules/regenerator-runtime": {
			"version": "0.14.1",
			"resolved": "https://npm.mucang.cn/repository/npm-group/regenerator-runtime/-/regenerator-runtime-0.14.1.tgz",
			"integrity": "sha512-dYnhHh0nJoMfnkZs6GmmhFknAGRrLznOu5nc9ML+EJxGvrx6H7teuevqVqCuPcPK//3eDrrjQhehXVx9cnkGdw==",
			"dev": true,
			"license": "MIT"
		},
		"node_modules/vconsole": {
			"version": "3.15.1",
			"resolved": "https://npm.mucang.cn/repository/npm-group/vconsole/-/vconsole-3.15.1.tgz",
			"integrity": "sha512-KH8XLdrq9T5YHJO/ixrjivHfmF2PC2CdVoK6RWZB4yftMykYIaXY1mxZYAic70vADM54kpMQF+dYmvl5NRNy1g==",
			"dev": true,
			"license": "MIT",
			"dependencies": {
				"@babel/runtime": "^7.17.2",
				"copy-text-to-clipboard": "^3.0.1",
				"core-js": "^3.11.0",
				"mutation-observer": "^1.0.3"
			}
		}
	}
}
